
Microsoft Visual Studio Solution File, Format Version 12.00
# Visual Studio Version 17
VisualStudioVersion = 17.8.34330.188
MinimumVisualStudioVersion = 10.0.40219.1
Project("{FAE04EC0-301F-11D3-BF4B-00C04F79EFBC}") = "#03", "#03.csproj", "{97C4B627-0B7F-4A82-8880-CC5890CC770B}"
EndProject
Global
	GlobalSection(SolutionConfigurationPlatforms) = preSolution
		Debug|Any CPU = Debug|Any CPU
		Release|Any CPU = Release|Any CPU
	EndGlobalSection
	GlobalSection(ProjectConfigurationPlatforms) = postSolution
		{97C4B627-0B7F-4A82-8880-CC5890CC770B}.Debug|Any CPU.ActiveCfg = Debug|Any CPU
		{97C4B627-0B7F-4A82-8880-CC5890CC770B}.Debug|Any CPU.Build.0 = Debug|Any CPU
		{97C4B627-0B7F-4A82-8880-CC5890CC770B}.Release|Any CPU.ActiveCfg = Release|Any CPU
		{97C4B627-0B7F-4A82-8880-CC5890CC770B}.Release|Any CPU.Build.0 = Release|Any CPU
	EndGlobalSection
	GlobalSection(SolutionProperties) = preSolution
		HideSolutionNode = FALSE
	EndGlobalSection
	GlobalSection(ExtensibilityGlobals) = postSolution
		SolutionGuid = {C1739C31-294A-4A7D-AB1D-77C259DC63BC}
	EndGlobalSection
EndGlobal
